
Microsoft Visual Studio Solution File, Format Version 12.00
# Visual Studio Version 17
VisualStudioVersion = 17.4.33213.308
MinimumVisualStudioVersion = 10.0.40219.1
Project("{FAE04EC0-301F-11D3-BF4B-00C04F79EFBC}") = "Facade", "Facade.csproj", "{E42BE378-6F4D-41D6-96EB-0D76219030D2}"
EndProject
Global
	GlobalSection(SolutionConfigurationPlatforms) = preSolution
		Debug|Any CPU = Debug|Any CPU
		Release|Any CPU = Release|Any CPU
	EndGlobalSection
	GlobalSection(ProjectConfigurationPlatforms) = postSolution
		{E42BE378-6F4D-41D6-96EB-0D76219030D2}.Debug|Any CPU.ActiveCfg = Debug|Any CPU
		{E42BE378-6F4D-41D6-96EB-0D76219030D2}.Debug|Any CPU.Build.0 = Debug|Any CPU
		{E42BE378-6F4D-41D6-96EB-0D76219030D2}.Release|Any CPU.ActiveCfg = Release|Any CPU
		{E42BE378-6F4D-41D6-96EB-0D76219030D2}.Release|Any CPU.Build.0 = Release|Any CPU
	EndGlobalSection
	GlobalSection(SolutionProperties) = preSolution
		HideSolutionNode = FALSE
	EndGlobalSection
	GlobalSection(ExtensibilityGlobals) = postSolution
		SolutionGuid = {CFA0646C-6B6C-4B13-8389-4B64FF369070}
	EndGlobalSection
EndGlobal
