
Microsoft Visual Studio Solution File, Format Version 12.00
# Visual Studio Version 17
VisualStudioVersion = 17.4.33213.308
MinimumVisualStudioVersion = 10.0.40219.1
Project("{FAE04EC0-301F-11D3-BF4B-00C04F79EFBC}") = "COR", "COR.csproj", "{BD3701C3-D45A-4D7F-8418-E07EDFDDB3B7}"
EndProject
Global
	GlobalSection(SolutionConfigurationPlatforms) = preSolution
		Debug|Any CPU = Debug|Any CPU
		Release|Any CPU = Release|Any CPU
	EndGlobalSection
	GlobalSection(ProjectConfigurationPlatforms) = postSolution
		{BD3701C3-D45A-4D7F-8418-E07EDFDDB3B7}.Debug|Any CPU.ActiveCfg = Debug|Any CPU
		{BD3701C3-D45A-4D7F-8418-E07EDFDDB3B7}.Debug|Any CPU.Build.0 = Debug|Any CPU
		{BD3701C3-D45A-4D7F-8418-E07EDFDDB3B7}.Release|Any CPU.ActiveCfg = Release|Any CPU
		{BD3701C3-D45A-4D7F-8418-E07EDFDDB3B7}.Release|Any CPU.Build.0 = Release|Any CPU
	EndGlobalSection
	GlobalSection(SolutionProperties) = preSolution
		HideSolutionNode = FALSE
	EndGlobalSection
	GlobalSection(ExtensibilityGlobals) = postSolution
		SolutionGuid = {F8E333C3-75CD-4B99-A0DB-74B9205747E7}
	EndGlobalSection
EndGlobal
